
Microsoft Visual Studio Solution File, Format Version 12.00
# Visual Studio Version 16
VisualStudioVersion = 16.0.31702.278
MinimumVisualStudioVersion = 10.0.40219.1
Project("{FAE04EC0-301F-11D3-BF4B-00C04F79EFBC}") = "Ch04Ex02_IfStatement", "Ch04Ex02_IfStatement\Ch04Ex02_IfStatement.csproj", "{3D680988-EB62-4B5B-920C-50318EA21296}"
EndProject
Global
	GlobalSection(SolutionConfigurationPlatforms) = preSolution
		Debug|Any CPU = Debug|Any CPU
		Release|Any CPU = Release|Any CPU
	EndGlobalSection
	GlobalSection(ProjectConfigurationPlatforms) = postSolution
		{3D680988-EB62-4B5B-920C-50318EA21296}.Debug|Any CPU.ActiveCfg = Debug|Any CPU
		{3D680988-EB62-4B5B-920C-50318EA21296}.Debug|Any CPU.Build.0 = Debug|Any CPU
		{3D680988-EB62-4B5B-920C-50318EA21296}.Release|Any CPU.ActiveCfg = Release|Any CPU
		{3D680988-EB62-4B5B-920C-50318EA21296}.Release|Any CPU.Build.0 = Release|Any CPU
	EndGlobalSection
	GlobalSection(SolutionProperties) = preSolution
		HideSolutionNode = FALSE
	EndGlobalSection
	GlobalSection(ExtensibilityGlobals) = postSolution
		SolutionGuid = {B12282AF-F3E4-42F6-8EFF-733B0FDC1178}
	EndGlobalSection
EndGlobal
