
Microsoft Visual Studio Solution File, Format Version 12.00
# Visual Studio Version 16
VisualStudioVersion = 16.0.31702.278
MinimumVisualStudioVersion = 10.0.40219.1
Project("{FAE04EC0-301F-11D3-BF4B-00C04F79EFBC}") = "Ch03Ex02_MathematicalOperators", "Ch03Ex02_MathematicalOperators\Ch03Ex02_MathematicalOperators.csproj", "{824DEDEC-B994-462C-B10A-0CEE264ED1C8}"
EndProject
Global
	GlobalSection(SolutionConfigurationPlatforms) = preSolution
		Debug|Any CPU = Debug|Any CPU
		Release|Any CPU = Release|Any CPU
	EndGlobalSection
	GlobalSection(ProjectConfigurationPlatforms) = postSolution
		{824DEDEC-B994-462C-B10A-0CEE264ED1C8}.Debug|Any CPU.ActiveCfg = Debug|Any CPU
		{824DEDEC-B994-462C-B10A-0CEE264ED1C8}.Debug|Any CPU.Build.0 = Debug|Any CPU
		{824DEDEC-B994-462C-B10A-0CEE264ED1C8}.Release|Any CPU.ActiveCfg = Release|Any CPU
		{824DEDEC-B994-462C-B10A-0CEE264ED1C8}.Release|Any CPU.Build.0 = Release|Any CPU
	EndGlobalSection
	GlobalSection(SolutionProperties) = preSolution
		HideSolutionNode = FALSE
	EndGlobalSection
	GlobalSection(ExtensibilityGlobals) = postSolution
		SolutionGuid = {EC4080A5-617B-4E96-AFF3-2E91CA77A722}
	EndGlobalSection
EndGlobal
