
Microsoft Visual Studio Solution File, Format Version 12.00
# Visual Studio Version 16
VisualStudioVersion = 16.0.31702.278
MinimumVisualStudioVersion = 10.0.40219.1
Project("{FAE04EC0-301F-11D3-BF4B-00C04F79EFBC}") = "Ch05Ex04_Array", "Ch05Ex04_Array\Ch05Ex04_Array.csproj", "{73FC8F5A-7AF4-4FD2-B88D-A538B3489EC7}"
EndProject
Global
	GlobalSection(SolutionConfigurationPlatforms) = preSolution
		Debug|Any CPU = Debug|Any CPU
		Release|Any CPU = Release|Any CPU
	EndGlobalSection
	GlobalSection(ProjectConfigurationPlatforms) = postSolution
		{73FC8F5A-7AF4-4FD2-B88D-A538B3489EC7}.Debug|Any CPU.ActiveCfg = Debug|Any CPU
		{73FC8F5A-7AF4-4FD2-B88D-A538B3489EC7}.Debug|Any CPU.Build.0 = Debug|Any CPU
		{73FC8F5A-7AF4-4FD2-B88D-A538B3489EC7}.Release|Any CPU.ActiveCfg = Release|Any CPU
		{73FC8F5A-7AF4-4FD2-B88D-A538B3489EC7}.Release|Any CPU.Build.0 = Release|Any CPU
	EndGlobalSection
	GlobalSection(SolutionProperties) = preSolution
		HideSolutionNode = FALSE
	EndGlobalSection
	GlobalSection(ExtensibilityGlobals) = postSolution
		SolutionGuid = {38CDF619-EE68-4901-8478-49608F408DC8}
	EndGlobalSection
EndGlobal
