
Microsoft Visual Studio Solution File, Format Version 12.00
# Visual Studio Version 16
VisualStudioVersion = 16.0.31702.278
MinimumVisualStudioVersion = 10.0.40219.1
Project("{FAE04EC0-301F-11D3-BF4B-00C04F79EFBC}") = "Ch06Ex02_ExchangingDataWithAFunction", "Ch06Ex02_ExchangingDataWithAFunction\Ch06Ex02_ExchangingDataWithAFunction.csproj", "{244DF776-9B18-4DA1-B1F6-3A8D00C3C3A8}"
EndProject
Global
	GlobalSection(SolutionConfigurationPlatforms) = preSolution
		Debug|Any CPU = Debug|Any CPU
		Release|Any CPU = Release|Any CPU
	EndGlobalSection
	GlobalSection(ProjectConfigurationPlatforms) = postSolution
		{244DF776-9B18-4DA1-B1F6-3A8D00C3C3A8}.Debug|Any CPU.ActiveCfg = Debug|Any CPU
		{244DF776-9B18-4DA1-B1F6-3A8D00C3C3A8}.Debug|Any CPU.Build.0 = Debug|Any CPU
		{244DF776-9B18-4DA1-B1F6-3A8D00C3C3A8}.Release|Any CPU.ActiveCfg = Release|Any CPU
		{244DF776-9B18-4DA1-B1F6-3A8D00C3C3A8}.Release|Any CPU.Build.0 = Release|Any CPU
	EndGlobalSection
	GlobalSection(SolutionProperties) = preSolution
		HideSolutionNode = FALSE
	EndGlobalSection
	GlobalSection(ExtensibilityGlobals) = postSolution
		SolutionGuid = {0B7456E8-294D-4D84-9290-F35B2A9082E5}
	EndGlobalSection
EndGlobal
