
Microsoft Visual Studio Solution File, Format Version 12.00
# Visual Studio Version 16
VisualStudioVersion = 16.0.31702.278
MinimumVisualStudioVersion = 10.0.40219.1
Project("{FAE04EC0-301F-11D3-BF4B-00C04F79EFBC}") = "Exercise5.5", "Exercise5.5\Exercise5.5.csproj", "{4E8EC8AE-DD06-4D6F-A4C9-8539A7907856}"
EndProject
Global
	GlobalSection(SolutionConfigurationPlatforms) = preSolution
		Debug|Any CPU = Debug|Any CPU
		Release|Any CPU = Release|Any CPU
	EndGlobalSection
	GlobalSection(ProjectConfigurationPlatforms) = postSolution
		{4E8EC8AE-DD06-4D6F-A4C9-8539A7907856}.Debug|Any CPU.ActiveCfg = Debug|Any CPU
		{4E8EC8AE-DD06-4D6F-A4C9-8539A7907856}.Debug|Any CPU.Build.0 = Debug|Any CPU
		{4E8EC8AE-DD06-4D6F-A4C9-8539A7907856}.Release|Any CPU.ActiveCfg = Release|Any CPU
		{4E8EC8AE-DD06-4D6F-A4C9-8539A7907856}.Release|Any CPU.Build.0 = Release|Any CPU
	EndGlobalSection
	GlobalSection(SolutionProperties) = preSolution
		HideSolutionNode = FALSE
	EndGlobalSection
	GlobalSection(ExtensibilityGlobals) = postSolution
		SolutionGuid = {D00DBA96-1D00-4998-8292-BA84B547D8A2}
	EndGlobalSection
EndGlobal
