
Microsoft Visual Studio Solution File, Format Version 12.00
# Visual Studio Version 16
VisualStudioVersion = 16.0.31702.278
MinimumVisualStudioVersion = 10.0.40219.1
Project("{FAE04EC0-301F-11D3-BF4B-00C04F79EFBC}") = "Ch06Ex05_DelegateToCallFunction", "Ch06Ex05_DelegateToCallFunction\Ch06Ex05_DelegateToCallFunction.csproj", "{541259EA-1CCD-4C64-A3F9-699713C5FAF8}"
EndProject
Global
	GlobalSection(SolutionConfigurationPlatforms) = preSolution
		Debug|Any CPU = Debug|Any CPU
		Release|Any CPU = Release|Any CPU
	EndGlobalSection
	GlobalSection(ProjectConfigurationPlatforms) = postSolution
		{541259EA-1CCD-4C64-A3F9-699713C5FAF8}.Debug|Any CPU.ActiveCfg = Debug|Any CPU
		{541259EA-1CCD-4C64-A3F9-699713C5FAF8}.Debug|Any CPU.Build.0 = Debug|Any CPU
		{541259EA-1CCD-4C64-A3F9-699713C5FAF8}.Release|Any CPU.ActiveCfg = Release|Any CPU
		{541259EA-1CCD-4C64-A3F9-699713C5FAF8}.Release|Any CPU.Build.0 = Release|Any CPU
	EndGlobalSection
	GlobalSection(SolutionProperties) = preSolution
		HideSolutionNode = FALSE
	EndGlobalSection
	GlobalSection(ExtensibilityGlobals) = postSolution
		SolutionGuid = {FFB7C3CC-95CA-4C6E-9A35-21D9E970F7F7}
	EndGlobalSection
EndGlobal
