
Microsoft Visual Studio Solution File, Format Version 12.00
# Visual Studio Version 16
VisualStudioVersion = 16.0.31702.278
MinimumVisualStudioVersion = 10.0.40219.1
Project("{FAE04EC0-301F-11D3-BF4B-00C04F79EFBC}") = "Exercise6.2", "Exercise6.2\Exercise6.2.csproj", "{07E8226A-52BA-4787-A1E6-492182A77DBB}"
EndProject
Global
	GlobalSection(SolutionConfigurationPlatforms) = preSolution
		Debug|Any CPU = Debug|Any CPU
		Release|Any CPU = Release|Any CPU
	EndGlobalSection
	GlobalSection(ProjectConfigurationPlatforms) = postSolution
		{07E8226A-52BA-4787-A1E6-492182A77DBB}.Debug|Any CPU.ActiveCfg = Debug|Any CPU
		{07E8226A-52BA-4787-A1E6-492182A77DBB}.Debug|Any CPU.Build.0 = Debug|Any CPU
		{07E8226A-52BA-4787-A1E6-492182A77DBB}.Release|Any CPU.ActiveCfg = Release|Any CPU
		{07E8226A-52BA-4787-A1E6-492182A77DBB}.Release|Any CPU.Build.0 = Release|Any CPU
	EndGlobalSection
	GlobalSection(SolutionProperties) = preSolution
		HideSolutionNode = FALSE
	EndGlobalSection
	GlobalSection(ExtensibilityGlobals) = postSolution
		SolutionGuid = {F1F4E22E-6586-4F1A-9AA4-9C0FD76524A4}
	EndGlobalSection
EndGlobal
