
Microsoft Visual Studio Solution File, Format Version 12.00
# Visual Studio Version 16
VisualStudioVersion = 16.0.31702.278
MinimumVisualStudioVersion = 10.0.40219.1
Project("{FAE04EC0-301F-11D3-BF4B-00C04F79EFBC}") = "Exercise5.6", "Exercise5.6\Exercise5.6.csproj", "{B40F0875-77AB-41A9-9FC0-808466E2A96C}"
EndProject
Global
	GlobalSection(SolutionConfigurationPlatforms) = preSolution
		Debug|Any CPU = Debug|Any CPU
		Release|Any CPU = Release|Any CPU
	EndGlobalSection
	GlobalSection(ProjectConfigurationPlatforms) = postSolution
		{B40F0875-77AB-41A9-9FC0-808466E2A96C}.Debug|Any CPU.ActiveCfg = Debug|Any CPU
		{B40F0875-77AB-41A9-9FC0-808466E2A96C}.Debug|Any CPU.Build.0 = Debug|Any CPU
		{B40F0875-77AB-41A9-9FC0-808466E2A96C}.Release|Any CPU.ActiveCfg = Release|Any CPU
		{B40F0875-77AB-41A9-9FC0-808466E2A96C}.Release|Any CPU.Build.0 = Release|Any CPU
	EndGlobalSection
	GlobalSection(SolutionProperties) = preSolution
		HideSolutionNode = FALSE
	EndGlobalSection
	GlobalSection(ExtensibilityGlobals) = postSolution
		SolutionGuid = {17F958B7-7F76-426E-80B5-6A7621F584E9}
	EndGlobalSection
EndGlobal
