
Microsoft Visual Studio Solution File, Format Version 12.00
# Visual Studio Version 16
VisualStudioVersion = 16.0.31702.278
MinimumVisualStudioVersion = 10.0.40219.1
Project("{FAE04EC0-301F-11D3-BF4B-00C04F79EFBC}") = "Ch09Ex01_DefiningClasses", "Ch09Ex01_DefiningClasses\Ch09Ex01_DefiningClasses.csproj", "{BFCEB650-BEF6-41E1-A25D-6C6DF659D233}"
EndProject
Global
	GlobalSection(SolutionConfigurationPlatforms) = preSolution
		Debug|Any CPU = Debug|Any CPU
		Release|Any CPU = Release|Any CPU
	EndGlobalSection
	GlobalSection(ProjectConfigurationPlatforms) = postSolution
		{BFCEB650-BEF6-41E1-A25D-6C6DF659D233}.Debug|Any CPU.ActiveCfg = Debug|Any CPU
		{BFCEB650-BEF6-41E1-A25D-6C6DF659D233}.Debug|Any CPU.Build.0 = Debug|Any CPU
		{BFCEB650-BEF6-41E1-A25D-6C6DF659D233}.Release|Any CPU.ActiveCfg = Release|Any CPU
		{BFCEB650-BEF6-41E1-A25D-6C6DF659D233}.Release|Any CPU.Build.0 = Release|Any CPU
	EndGlobalSection
	GlobalSection(SolutionProperties) = preSolution
		HideSolutionNode = FALSE
	EndGlobalSection
	GlobalSection(ExtensibilityGlobals) = postSolution
		SolutionGuid = {4E04077E-6F66-4A0D-9215-34BA2548FDB1}
	EndGlobalSection
EndGlobal
